
Microsoft Visual Studio Solution File, Format Version 12.00
# Visual Studio Version 16
VisualStudioVersion = 16.0.29519.181
MinimumVisualStudioVersion = 10.0.40219.1
Project("{9A19103F-16F7-4668-BE54-9A1E7A4F7556}") = "SkyBot", "SkyBot\SkyBot.csproj", "{6B9E814F-F491-4ADA-B8A8-A9F3196BF584}"
EndProject
Project("{9A19103F-16F7-4668-BE54-9A1E7A4F7556}") = "DiscordCommands", "DiscordCommands\DiscordCommands.csproj", "{AFACDFAA-5FC9-40B1-A61E-C96F0ADD5E7F}"
EndProject
Project("{9A19103F-16F7-4668-BE54-9A1E7A4F7556}") = "GSStatManager", "GSStatManager\GSStatManager.csproj", "{5BEAF9E9-63D5-409B-9B05-56424BC00974}"
EndProject
Project("{9A19103F-16F7-4668-BE54-9A1E7A4F7556}") = "SkyBot.Networking", "SkyBot.Networking\SkyBot.Networking.csproj", "{1D79D94D-7EFE-46B8-AF04-A0C4E5EDC472}"
EndProject
Project("{9A19103F-16F7-4668-BE54-9A1E7A4F7556}") = "SkyBot.Networking.Test", "SkyBot.Networking.Test\SkyBot.Networking.Test.csproj", "{CE085CF2-CDBE-40B2-BD19-1B25CD22CF34}"
EndProject
Project("{9A19103F-16F7-4668-BE54-9A1E7A4F7556}") = "Skybot.Web", "Skybot.Web\Skybot.Web.csproj", "{4EE6F6F4-BC7A-49D7-8031-9E60EDE4EE14}"
EndProject
Project("{FAE04EC0-301F-11D3-BF4B-00C04F79EFBC}") = "SkybotWeb.TestApi", "SkybotWeb.TestApi\SkybotWeb.TestApi.csproj", "{A4435711-C686-4BC7-9BDE-1042BD8F3BBD}"
EndProject
Global
	GlobalSection(SolutionConfigurationPlatforms) = preSolution
		Debug|Any CPU = Debug|Any CPU
		Debug|x64 = Debug|x64
		Debug|x86 = Debug|x86
		Release|Any CPU = Release|Any CPU
		Release|x64 = Release|x64
		Release|x86 = Release|x86
	EndGlobalSection
	GlobalSection(ProjectConfigurationPlatforms) = postSolution
		{6B9E814F-F491-4ADA-B8A8-A9F3196BF584}.Debug|Any CPU.ActiveCfg = Debug|Any CPU
		{6B9E814F-F491-4ADA-B8A8-A9F3196BF584}.Debug|Any CPU.Build.0 = Debug|Any CPU
		{6B9E814F-F491-4ADA-B8A8-A9F3196BF584}.Debug|x64.ActiveCfg = Debug|x64
		{6B9E814F-F491-4ADA-B8A8-A9F3196BF584}.Debug|x64.Build.0 = Debug|x64
		{6B9E814F-F491-4ADA-B8A8-A9F3196BF584}.Debug|x86.ActiveCfg = Debug|x86
		{6B9E814F-F491-4ADA-B8A8-A9F3196BF584}.Debug|x86.Build.0 = Debug|x86
		{6B9E814F-F491-4ADA-B8A8-A9F3196BF584}.Release|Any CPU.ActiveCfg = Release|Any CPU
		{6B9E814F-F491-4ADA-B8A8-A9F3196BF584}.Release|Any CPU.Build.0 = Release|Any CPU
		{6B9E814F-F491-4ADA-B8A8-A9F3196BF584}.Release|x64.ActiveCfg = Release|x64
		{6B9E814F-F491-4ADA-B8A8-A9F3196BF584}.Release|x64.Build.0 = Release|x64
		{6B9E814F-F491-4ADA-B8A8-A9F3196BF584}.Release|x86.ActiveCfg = Release|x86
		{6B9E814F-F491-4ADA-B8A8-A9F3196BF584}.Release|x86.Build.0 = Release|x86
		{AFACDFAA-5FC9-40B1-A61E-C96F0ADD5E7F}.Debug|Any CPU.ActiveCfg = Debug|Any CPU
		{AFACDFAA-5FC9-40B1-A61E-C96F0ADD5E7F}.Debug|Any CPU.Build.0 = Debug|Any CPU
		{AFACDFAA-5FC9-40B1-A61E-C96F0ADD5E7F}.Debug|x64.ActiveCfg = Debug|x64
		{AFACDFAA-5FC9-40B1-A61E-C96F0ADD5E7F}.Debug|x64.Build.0 = Debug|x64
		{AFACDFAA-5FC9-40B1-A61E-C96F0ADD5E7F}.Debug|x86.ActiveCfg = Debug|x86
		{AFACDFAA-5FC9-40B1-A61E-C96F0ADD5E7F}.Debug|x86.Build.0 = Debug|x86
		{AFACDFAA-5FC9-40B1-A61E-C96F0ADD5E7F}.Release|Any CPU.ActiveCfg = Release|Any CPU
		{AFACDFAA-5FC9-40B1-A61E-C96F0ADD5E7F}.Release|Any CPU.Build.0 = Release|Any CPU
		{AFACDFAA-5FC9-40B1-A61E-C96F0ADD5E7F}.Release|x64.ActiveCfg = Release|x64
		{AFACDFAA-5FC9-40B1-A61E-C96F0ADD5E7F}.Release|x64.Build.0 = Release|x64
		{AFACDFAA-5FC9-40B1-A61E-C96F0ADD5E7F}.Release|x86.ActiveCfg = Release|x86
		{AFACDFAA-5FC9-40B1-A61E-C96F0ADD5E7F}.Release|x86.Build.0 = Release|x86
		{5BEAF9E9-63D5-409B-9B05-56424BC00974}.Debug|Any CPU.ActiveCfg = Debug|Any CPU
		{5BEAF9E9-63D5-409B-9B05-56424BC00974}.Debug|Any CPU.Build.0 = Debug|Any CPU
		{5BEAF9E9-63D5-409B-9B05-56424BC00974}.Debug|x64.ActiveCfg = Debug|x64
		{5BEAF9E9-63D5-409B-9B05-56424BC00974}.Debug|x64.Build.0 = Debug|x64
		{5BEAF9E9-63D5-409B-9B05-56424BC00974}.Debug|x86.ActiveCfg = Debug|x86
		{5BEAF9E9-63D5-409B-9B05-56424BC00974}.Debug|x86.Build.0 = Debug|x86
		{5BEAF9E9-63D5-409B-9B05-56424BC00974}.Release|Any CPU.ActiveCfg = Release|Any CPU
		{5BEAF9E9-63D5-409B-9B05-56424BC00974}.Release|Any CPU.Build.0 = Release|Any CPU
		{5BEAF9E9-63D5-409B-9B05-56424BC00974}.Release|x64.ActiveCfg = Release|x64
		{5BEAF9E9-63D5-409B-9B05-56424BC00974}.Release|x64.Build.0 = Release|x64
		{5BEAF9E9-63D5-409B-9B05-56424BC00974}.Release|x86.ActiveCfg = Release|x86
		{5BEAF9E9-63D5-409B-9B05-56424BC00974}.Release|x86.Build.0 = Release|x86
		{1D79D94D-7EFE-46B8-AF04-A0C4E5EDC472}.Debug|Any CPU.ActiveCfg = Debug|Any CPU
		{1D79D94D-7EFE-46B8-AF04-A0C4E5EDC472}.Debug|Any CPU.Build.0 = Debug|Any CPU
		{1D79D94D-7EFE-46B8-AF04-A0C4E5EDC472}.Debug|x64.ActiveCfg = Debug|x64
		{1D79D94D-7EFE-46B8-AF04-A0C4E5EDC472}.Debug|x64.Build.0 = Debug|x64
		{1D79D94D-7EFE-46B8-AF04-A0C4E5EDC472}.Debug|x86.ActiveCfg = Debug|x86
		{1D79D94D-7EFE-46B8-AF04-A0C4E5EDC472}.Debug|x86.Build.0 = Debug|x86
		{1D79D94D-7EFE-46B8-AF04-A0C4E5EDC472}.Release|Any CPU.ActiveCfg = Release|Any CPU
		{1D79D94D-7EFE-46B8-AF04-A0C4E5EDC472}.Release|Any CPU.Build.0 = Release|Any CPU
		{1D79D94D-7EFE-46B8-AF04-A0C4E5EDC472}.Release|x64.ActiveCfg = Release|x64
		{1D79D94D-7EFE-46B8-AF04-A0C4E5EDC472}.Release|x64.Build.0 = Release|x64
		{1D79D94D-7EFE-46B8-AF04-A0C4E5EDC472}.Release|x86.ActiveCfg = Release|x86
		{1D79D94D-7EFE-46B8-AF04-A0C4E5EDC472}.Release|x86.Build.0 = Release|x86
		{CE085CF2-CDBE-40B2-BD19-1B25CD22CF34}.Debug|Any CPU.ActiveCfg = Debug|Any CPU
		{CE085CF2-CDBE-40B2-BD19-1B25CD22CF34}.Debug|Any CPU.Build.0 = Debug|Any CPU
		{CE085CF2-CDBE-40B2-BD19-1B25CD22CF34}.Debug|x64.ActiveCfg = Debug|x64
		{CE085CF2-CDBE-40B2-BD19-1B25CD22CF34}.Debug|x64.Build.0 = Debug|x64
		{CE085CF2-CDBE-40B2-BD19-1B25CD22CF34}.Debug|x86.ActiveCfg = Debug|x86
		{CE085CF2-CDBE-40B2-BD19-1B25CD22CF34}.Debug|x86.Build.0 = Debug|x86
		{CE085CF2-CDBE-40B2-BD19-1B25CD22CF34}.Release|Any CPU.ActiveCfg = Release|Any CPU
		{CE085CF2-CDBE-40B2-BD19-1B25CD22CF34}.Release|Any CPU.Build.0 = Release|Any CPU
		{CE085CF2-CDBE-40B2-BD19-1B25CD22CF34}.Release|x64.ActiveCfg = Release|x64
		{CE085CF2-CDBE-40B2-BD19-1B25CD22CF34}.Release|x64.Build.0 = Release|x64
		{CE085CF2-CDBE-40B2-BD19-1B25CD22CF34}.Release|x86.ActiveCfg = Release|x86
		{CE085CF2-CDBE-40B2-BD19-1B25CD22CF34}.Release|x86.Build.0 = Release|x86
		{4EE6F6F4-BC7A-49D7-8031-9E60EDE4EE14}.Debug|Any CPU.ActiveCfg = Debug|Any CPU
		{4EE6F6F4-BC7A-49D7-8031-9E60EDE4EE14}.Debug|Any CPU.Build.0 = Debug|Any CPU
		{4EE6F6F4-BC7A-49D7-8031-9E60EDE4EE14}.Debug|x64.ActiveCfg = Debug|x64
		{4EE6F6F4-BC7A-49D7-8031-9E60EDE4EE14}.Debug|x64.Build.0 = Debug|x64
		{4EE6F6F4-BC7A-49D7-8031-9E60EDE4EE14}.Debug|x86.ActiveCfg = Debug|x86
		{4EE6F6F4-BC7A-49D7-8031-9E60EDE4EE14}.Debug|x86.Build.0 = Debug|x86
		{4EE6F6F4-BC7A-49D7-8031-9E60EDE4EE14}.Release|Any CPU.ActiveCfg = Release|Any CPU
		{4EE6F6F4-BC7A-49D7-8031-9E60EDE4EE14}.Release|Any CPU.Build.0 = Release|Any CPU
		{4EE6F6F4-BC7A-49D7-8031-9E60EDE4EE14}.Release|x64.ActiveCfg = Release|x64
		{4EE6F6F4-BC7A-49D7-8031-9E60EDE4EE14}.Release|x64.Build.0 = Release|x64
		{4EE6F6F4-BC7A-49D7-8031-9E60EDE4EE14}.Release|x86.ActiveCfg = Release|x86
		{4EE6F6F4-BC7A-49D7-8031-9E60EDE4EE14}.Release|x86.Build.0 = Release|x86
		{A4435711-C686-4BC7-9BDE-1042BD8F3BBD}.Debug|Any CPU.ActiveCfg = Debug|Any CPU
		{A4435711-C686-4BC7-9BDE-1042BD8F3BBD}.Debug|Any CPU.Build.0 = Debug|Any CPU
		{A4435711-C686-4BC7-9BDE-1042BD8F3BBD}.Debug|x64.ActiveCfg = Debug|Any CPU
		{A4435711-C686-4BC7-9BDE-1042BD8F3BBD}.Debug|x64.Build.0 = Debug|Any CPU
		{A4435711-C686-4BC7-9BDE-1042BD8F3BBD}.Debug|x86.ActiveCfg = Debug|Any CPU
		{A4435711-C686-4BC7-9BDE-1042BD8F3BBD}.Debug|x86.Build.0 = Debug|Any CPU
		{A4435711-C686-4BC7-9BDE-1042BD8F3BBD}.Release|Any CPU.ActiveCfg = Release|Any CPU
		{A4435711-C686-4BC7-9BDE-1042BD8F3BBD}.Release|Any CPU.Build.0 = Release|Any CPU
		{A4435711-C686-4BC7-9BDE-1042BD8F3BBD}.Release|x64.ActiveCfg = Release|Any CPU
		{A4435711-C686-4BC7-9BDE-1042BD8F3BBD}.Release|x64.Build.0 = Release|Any CPU
		{A4435711-C686-4BC7-9BDE-1042BD8F3BBD}.Release|x86.ActiveCfg = Release|Any CPU
		{A4435711-C686-4BC7-9BDE-1042BD8F3BBD}.Release|x86.Build.0 = Release|Any CPU
	EndGlobalSection
	GlobalSection(SolutionProperties) = preSolution
		HideSolutionNode = FALSE
	EndGlobalSection
	GlobalSection(ExtensibilityGlobals) = postSolution
		SolutionGuid = {39D47F7B-558D-40A4-94A1-D274EA0A4053}
	EndGlobalSection
EndGlobal
